
Microsoft Visual Studio Solution File, Format Version 12.00
# Visual Studio Version 17
VisualStudioVersion = 17.14.36301.6 d17.14
MinimumVisualStudioVersion = 10.0.40219.1
Project("{FAE04EC0-301F-11D3-BF4B-00C04F79EFBC}") = "OOP JanuaryExam", "OOP JanuaryExam\OOP JanuaryExam.csproj", "{2B6ED430-F159-476D-A793-0CCA17ADA2AB}"
EndProject
Global
	GlobalSection(SolutionConfigurationPlatforms) = preSolution
		Debug|Any CPU = Debug|Any CPU
		Release|Any CPU = Release|Any CPU
	EndGlobalSection
	GlobalSection(ProjectConfigurationPlatforms) = postSolution
		{2B6ED430-F159-476D-A793-0CCA17ADA2AB}.Debug|Any CPU.ActiveCfg = Debug|Any CPU
		{2B6ED430-F159-476D-A793-0CCA17ADA2AB}.Debug|Any CPU.Build.0 = Debug|Any CPU
		{2B6ED430-F159-476D-A793-0CCA17ADA2AB}.Release|Any CPU.ActiveCfg = Release|Any CPU
		{2B6ED430-F159-476D-A793-0CCA17ADA2AB}.Release|Any CPU.Build.0 = Release|Any CPU
	EndGlobalSection
	GlobalSection(SolutionProperties) = preSolution
		HideSolutionNode = FALSE
	EndGlobalSection
	GlobalSection(ExtensibilityGlobals) = postSolution
		SolutionGuid = {42A9AEA5-34D2-4118-9A50-396A3B64A690}
	EndGlobalSection
EndGlobal
